
Microsoft Visual Studio Solution File, Format Version 12.00
# Visual Studio Version 16
VisualStudioVersion = 16.0.29920.165
MinimumVisualStudioVersion = 10.0.40219.1
Project("{FAE04EC0-301F-11D3-BF4B-00C04F79EFBC}") = "GameGreenVsRed", "GameGreenVsRed\GameGreenVsRed.csproj", "{0382F599-0AD8-4BD6-AC7B-04282E28951D}"
EndProject
Global
	GlobalSection(SolutionConfigurationPlatforms) = preSolution
		Debug|Any CPU = Debug|Any CPU
		Release|Any CPU = Release|Any CPU
	EndGlobalSection
	GlobalSection(ProjectConfigurationPlatforms) = postSolution
		{0382F599-0AD8-4BD6-AC7B-04282E28951D}.Debug|Any CPU.ActiveCfg = Debug|Any CPU
		{0382F599-0AD8-4BD6-AC7B-04282E28951D}.Debug|Any CPU.Build.0 = Debug|Any CPU
		{0382F599-0AD8-4BD6-AC7B-04282E28951D}.Release|Any CPU.ActiveCfg = Release|Any CPU
		{0382F599-0AD8-4BD6-AC7B-04282E28951D}.Release|Any CPU.Build.0 = Release|Any CPU
	EndGlobalSection
	GlobalSection(SolutionProperties) = preSolution
		HideSolutionNode = FALSE
	EndGlobalSection
	GlobalSection(ExtensibilityGlobals) = postSolution
		SolutionGuid = {C3B395A0-7982-4BB7-AF57-6C8FFEE7BA23}
	EndGlobalSection
EndGlobal
